
Microsoft Visual Studio Solution File, Format Version 12.00
# Visual Studio Version 17
VisualStudioVersion = 17.6.33723.286
MinimumVisualStudioVersion = 10.0.40219.1
Project("{FAE04EC0-301F-11D3-BF4B-00C04F79EFBC}") = "EntityFramework_Teste", "EntityFramework_Teste\EntityFramework_Teste.csproj", "{868045EF-895D-4BC9-B843-6B67C8D53B14}"
EndProject
Global
	GlobalSection(SolutionConfigurationPlatforms) = preSolution
		Debug|Any CPU = Debug|Any CPU
		Release|Any CPU = Release|Any CPU
	EndGlobalSection
	GlobalSection(ProjectConfigurationPlatforms) = postSolution
		{868045EF-895D-4BC9-B843-6B67C8D53B14}.Debug|Any CPU.ActiveCfg = Debug|Any CPU
		{868045EF-895D-4BC9-B843-6B67C8D53B14}.Debug|Any CPU.Build.0 = Debug|Any CPU
		{868045EF-895D-4BC9-B843-6B67C8D53B14}.Release|Any CPU.ActiveCfg = Release|Any CPU
		{868045EF-895D-4BC9-B843-6B67C8D53B14}.Release|Any CPU.Build.0 = Release|Any CPU
	EndGlobalSection
	GlobalSection(SolutionProperties) = preSolution
		HideSolutionNode = FALSE
	EndGlobalSection
	GlobalSection(ExtensibilityGlobals) = postSolution
		SolutionGuid = {88C8E432-9B7B-4F78-BECB-C911EB58693E}
	EndGlobalSection
EndGlobal
